// !$*UTF8*$!
{
	archiveVersion = 1;
	classes = {
	};
	objectVersion = 55;
	objects = {

/* Begin PBXBuildFile section */
		297FCB52286A4795007F6626 /* AppDelegate.m in Sources */ = {isa = PBXBuildFile; fileRef = 297FCB51286A4795007F6626 /* AppDelegate.m */; };
		297FCB55286A4795007F6626 /* SceneDelegate.m in Sources */ = {isa = PBXBuildFile; fileRef = 297FCB54286A4795007F6626 /* SceneDelegate.m */; };
		297FCB58286A4795007F6626 /* ViewController.m in Sources */ = {isa = PBXBuildFile; fileRef = 297FCB57286A4795007F6626 /* ViewController.m */; };
		297FCB5B286A4795007F6626 /* Main.storyboard in Resources */ = {isa = PBXBuildFile; fileRef = 297FCB59286A4795007F6626 /* Main.storyboard */; };
		297FCB5E286A4795007F6626 /* Mock_Ig.xcdatamodeld in Sources */ = {isa = PBXBuildFile; fileRef = 297FCB5C286A4795007F6626 /* Mock_Ig.xcdatamodeld */; };
		297FCB60286A4796007F6626 /* Assets.xcassets in Resources */ = {isa = PBXBuildFile; fileRef = 297FCB5F286A4796007F6626 /* Assets.xcassets */; };
		297FCB63286A4796007F6626 /* LaunchScreen.storyboard in Resources */ = {isa = PBXBuildFile; fileRef = 297FCB61286A4796007F6626 /* LaunchScreen.storyboard */; };
		297FCB66286A4796007F6626 /* main.m in Sources */ = {isa = PBXBuildFile; fileRef = 297FCB65286A4796007F6626 /* main.m */; };
		297FCB70286A4796007F6626 /* Mock_IgTests.m in Sources */ = {isa = PBXBuildFile; fileRef = 297FCB6F286A4796007F6626 /* Mock_IgTests.m */; };
		297FCB7A286A4796007F6626 /* Mock_IgUITests.m in Sources */ = {isa = PBXBuildFile; fileRef = 297FCB79286A4796007F6626 /* Mock_IgUITests.m */; };
		297FCB7C286A4796007F6626 /* Mock_IgUITestsLaunchTests.m in Sources */ = {isa = PBXBuildFile; fileRef = 297FCB7B286A4796007F6626 /* Mock_IgUITestsLaunchTests.m */; };
/* End PBXBuildFile section */

/* Begin PBXContainerItemProxy section */
		297FCB6C286A4796007F6626 /* PBXContainerItemProxy */ = {
			isa = PBXContainerItemProxy;
			containerPortal = 297FCB45286A4795007F6626 /* Project object */;
			proxyType = 1;
			remoteGlobalIDString = 297FCB4C286A4795007F6626;
			remoteInfo = "Mock Ig";
		};
		297FCB76286A4796007F6626 /* PBXContainerItemProxy */ = {
			isa = PBXContainerItemProxy;
			containerPortal = 297FCB45286A4795007F6626 /* Project object */;
			proxyType = 1;
			remoteGlobalIDString = 297FCB4C286A4795007F6626;
			remoteInfo = "Mock Ig";
		};
/* End PBXContainerItemProxy section */

/* Begin PBXFileReference section */
		297FCB4D286A4795007F6626 /* Mock Ig.app */ = {isa = PBXFileReference; explicitFileType = wrapper.application; includeInIndex = 0; path = "Mock Ig.app"; sourceTree = BUILT_PRODUCTS_DIR; };
		297FCB50286A4795007F6626 /* AppDelegate.h */ = {isa = PBXFileReference; lastKnownFileType = sourcecode.c.h; path = AppDelegate.h; sourceTree = "<group>"; };
		297FCB51286A4795007F6626 /* AppDelegate.m */ = {isa = PBXFileReference; lastKnownFileType = sourcecode.c.objc; path = AppDelegate.m; sourceTree = "<group>"; };
		297FCB53286A4795007F6626 /* SceneDelegate.h */ = {isa = PBXFileReference; lastKnownFileType = sourcecode.c.h; path = SceneDelegate.h; sourceTree = "<group>"; };
		297FCB54286A4795007F6626 /* SceneDelegate.m */ = {isa = PBXFileReference; lastKnownFileType = sourcecode.c.objc; path = SceneDelegate.m; sourceTree = "<group>"; };
		297FCB56286A4795007F6626 /* ViewController.h */ = {isa = PBXFileReference; lastKnownFileType = sourcecode.c.h; path = ViewController.h; sourceTree = "<group>"; };
		297FCB57286A4795007F6626 /* ViewController.m */ = {isa = PBXFileReference; lastKnownFileType = sourcecode.c.objc; path = ViewController.m; sourceTree = "<group>"; };
		297FCB5A286A4795007F6626 /* Base */ = {isa = PBXFileReference; lastKnownFileType = file.storyboard; name = Base; path = Base.lproj/Main.storyboard; sourceTree = "<group>"; };
		297FCB5D286A4795007F6626 /* Mock_Ig.xcdatamodel */ = {isa = PBXFileReference; lastKnownFileType = wrapper.xcdatamodel; path = Mock_Ig.xcdatamodel; sourceTree = "<group>"; };
		297FCB5F286A4796007F6626 /* Assets.xcassets */ = {isa = PBXFileReference; lastKnownFileType = folder.assetcatalog; path = Assets.xcassets; sourceTree = "<group>"; };
		297FCB62286A4796007F6626 /* Base */ = {isa = PBXFileReference; lastKnownFileType = file.storyboard; name = Base; path = Base.lproj/LaunchScreen.storyboard; sourceTree = "<group>"; };
		297FCB64286A4796007F6626 /* Info.plist */ = {isa = PBXFileReference; lastKnownFileType = text.plist.xml; path = Info.plist; sourceTree = "<group>"; };
		297FCB65286A4796007F6626 /* main.m */ = {isa = PBXFileReference; lastKnownFileType = sourcecode.c.objc; path = main.m; sourceTree = "<group>"; };
		297FCB6B286A4796007F6626 /* Mock IgTests.xctest */ = {isa = PBXFileReference; explicitFileType = wrapper.cfbundle; includeInIndex = 0; path = "Mock IgTests.xctest"; sourceTree = BUILT_PRODUCTS_DIR; };
		297FCB6F286A4796007F6626 /* Mock_IgTests.m */ = {isa = PBXFileReference; lastKnownFileType = sourcecode.c.objc; path = Mock_IgTests.m; sourceTree = "<group>"; };
		297FCB75286A4796007F6626 /* Mock IgUITests.xctest */ = {isa = PBXFileReference; explicitFileType = wrapper.cfbundle; includeInIndex = 0; path = "Mock IgUITests.xctest"; sourceTree = BUILT_PRODUCTS_DIR; };
		297FCB79286A4796007F6626 /* Mock_IgUITests.m */ = {isa = PBXFileReference; lastKnownFileType = sourcecode.c.objc; path = Mock_IgUITests.m; sourceTree = "<group>"; };
		297FCB7B286A4796007F6626 /* Mock_IgUITestsLaunchTests.m */ = {isa = PBXFileReference; lastKnownFileType = sourcecode.c.objc; path = Mock_IgUITestsLaunchTests.m; sourceTree = "<group>"; };
/* End PBXFileReference section */

/* Begin PBXFrameworksBuildPhase section */
		297FCB4A286A4795007F6626 /* Frameworks */ = {
			isa = PBXFrameworksBuildPhase;
			buildActionMask = 2147483647;
			files = (
			);
			runOnlyForDeploymentPostprocessing = 0;
		};
		297FCB68286A4796007F6626 /* Frameworks */ = {
			isa = PBXFrameworksBuildPhase;
			buildActionMask = 2147483647;
			files = (
			);
			runOnlyForDeploymentPostprocessing = 0;
		};
		297FCB72286A4796007F6626 /* Frameworks */ = {
			isa = PBXFrameworksBuildPhase;
			buildActionMask = 2147483647;
			files = (
			);
			runOnlyForDeploymentPostprocessing = 0;
		};
/* End PBXFrameworksBuildPhase section */

/* Begin PBXGroup section */
		297FCB44286A4795007F6626 = {
			isa = PBXGroup;
			children = (
				297FCB4F286A4795007F6626 /* Mock Ig */,
				297FCB6E286A4796007F6626 /* Mock IgTests */,
				297FCB78286A4796007F6626 /* Mock IgUITests */,
				297FCB4E286A4795007F6626 /* Products */,
			);
			sourceTree = "<group>";
		};
		297FCB4E286A4795007F6626 /* Products */ = {
			isa = PBXGroup;
			children = (
				297FCB4D286A4795007F6626 /* Mock Ig.app */,
				297FCB6B286A4796007F6626 /* Mock IgTests.xctest */,
				297FCB75286A4796007F6626 /* Mock IgUITests.xctest */,
			);
			name = Products;
			sourceTree = "<group>";
		};
		297FCB4F286A4795007F6626 /* Mock Ig */ = {
			isa = PBXGroup;
			children = (
				297FCB50286A4795007F6626 /* AppDelegate.h */,
				297FCB51286A4795007F6626 /* AppDelegate.m */,
				297FCB53286A4795007F6626 /* SceneDelegate.h */,
				297FCB54286A4795007F6626 /* SceneDelegate.m */,
				297FCB56286A4795007F6626 /* ViewController.h */,
				297FCB57286A4795007F6626 /* ViewController.m */,
				297FCB59286A4795007F6626 /* Main.storyboard */,
				297FCB5F286A4796007F6626 /* Assets.xcassets */,
				297FCB61286A4796007F6626 /* LaunchScreen.storyboard */,
				297FCB64286A4796007F6626 /* Info.plist */,
				297FCB65286A4796007F6626 /* main.m */,
				297FCB5C286A4795007F6626 /* Mock_Ig.xcdatamodeld */,
			);
			path = "Mock Ig";
			sourceTree = "<group>";
		};
		297FCB6E286A4796007F6626 /* Mock IgTests */ = {
			isa = PBXGroup;
			children = (
				297FCB6F286A4796007F6626 /* Mock_IgTests.m */,
			);
			path = "Mock IgTests";
			sourceTree = "<group>";
		};
		297FCB78286A4796007F6626 /* Mock IgUITests */ = {
			isa = PBXGroup;
			children = (
				297FCB79286A4796007F6626 /* Mock_IgUITests.m */,
				297FCB7B286A4796007F6626 /* Mock_IgUITestsLaunchTests.m */,
			);
			path = "Mock IgUITests";
			sourceTree = "<group>";
		};
/* End PBXGroup section */

/* Begin PBXNativeTarget section */
		297FCB4C286A4795007F6626 /* Mock Ig */ = {
			isa = PBXNativeTarget;
			buildConfigurationList = 297FCB7F286A4796007F6626 /* Build configuration list for PBXNativeTarget "Mock Ig" */;
			buildPhases = (
				297FCB49286A4795007F6626 /* Sources */,
				297FCB4A286A4795007F6626 /* Frameworks */,
				297FCB4B286A4795007F6626 /* Resources */,
			);
			buildRules = (
			);
			dependencies = (
			);
			name = "Mock Ig";
			productName = "Mock Ig";
			productReference = 297FCB4D286A4795007F6626 /* Mock Ig.app */;
			productType = "com.apple.product-type.application";
		};
		297FCB6A286A4796007F6626 /* Mock IgTests */ = {
			isa = PBXNativeTarget;
			buildConfigurationList = 297FCB82286A4796007F6626 /* Build configuration list for PBXNativeTarget "Mock IgTests" */;
			buildPhases = (
				297FCB67286A4796007F6626 /* Sources */,
				297FCB68286A4796007F6626 /* Frameworks */,
				297FCB69286A4796007F6626 /* Resources */,
			);
			buildRules = (
			);
			dependencies = (
				297FCB6D286A4796007F6626 /* PBXTargetDependency */,
			);
			name = "Mock IgTests";
			productName = "Mock IgTests";
			productReference = 297FCB6B286A4796007F6626 /* Mock IgTests.xctest */;
			productType = "com.apple.product-type.bundle.unit-test";
		};
		297FCB74286A4796007F6626 /* Mock IgUITests */ = {
			isa = PBXNativeTarget;
			buildConfigurationList = 297FCB85286A4796007F6626 /* Build configuration list for PBXNativeTarget "Mock IgUITests" */;
			buildPhases = (
				297FCB71286A4796007F6626 /* Sources */,
				297FCB72286A4796007F6626 /* Frameworks */,
				297FCB73286A4796007F6626 /* Resources */,
			);
			buildRules = (
			);
			dependencies = (
				297FCB77286A4796007F6626 /* PBXTargetDependency */,
			);
			name = "Mock IgUITests";
			productName = "Mock IgUITests";
			productReference = 297FCB75286A4796007F6626 /* Mock IgUITests.xctest */;
			productType = "com.apple.product-type.bundle.ui-testing";
		};
/* End PBXNativeTarget section */

/* Begin PBXProject section */
		297FCB45286A4795007F6626 /* Project object */ = {
			isa = PBXProject;
			attributes = {
				BuildIndependentTargetsInParallel = 1;
				LastUpgradeCheck = 1340;
				TargetAttributes = {
					297FCB4C286A4795007F6626 = {
						CreatedOnToolsVersion = 13.4.1;
					};
					297FCB6A286A4796007F6626 = {
						CreatedOnToolsVersion = 13.4.1;
						TestTargetID = 297FCB4C286A4795007F6626;
					};
					297FCB74286A4796007F6626 = {
						CreatedOnToolsVersion = 13.4.1;
						TestTargetID = 297FCB4C286A4795007F6626;
					};
				};
			};
			buildConfigurationList = 297FCB48286A4795007F6626 /* Build configuration list for PBXProject "Mock Ig" */;
			compatibilityVersion = "Xcode 13.0";
			developmentRegion = en;
			hasScannedForEncodings = 0;
			knownRegions = (
				en,
				Base,
			);
			mainGroup = 297FCB44286A4795007F6626;
			productRefGroup = 297FCB4E286A4795007F6626 /* Products */;
			projectDirPath = "";
			projectRoot = "";
			targets = (
				297FCB4C286A4795007F6626 /* Mock Ig */,
				297FCB6A286A4796007F6626 /* Mock IgTests */,
				297FCB74286A4796007F6626 /* Mock IgUITests */,
			);
		};
/* End PBXProject section */

/* Begin PBXResourcesBuildPhase section */
		297FCB4B286A4795007F6626 /* Resources */ = {
			isa = PBXResourcesBuildPhase;
			buildActionMask = 2147483647;
			files = (
				297FCB63286A4796007F6626 /* LaunchScreen.storyboard in Resources */,
				297FCB60286A4796007F6626 /* Assets.xcassets in Resources */,
				297FCB5B286A4795007F6626 /* Main.storyboard in Resources */,
			);
			runOnlyForDeploymentPostprocessing = 0;
		};
		297FCB69286A4796007F6626 /* Resources */ = {
			isa = PBXResourcesBuildPhase;
			buildActionMask = 2147483647;
			files = (
			);
			runOnlyForDeploymentPostprocessing = 0;
		};
		297FCB73286A4796007F6626 /* Resources */ = {
			isa = PBXResourcesBuildPhase;
			buildActionMask = 2147483647;
			files = (
			);
			runOnlyForDeploymentPostprocessing = 0;
		};
/* End PBXResourcesBuildPhase section */

/* Begin PBXSourcesBuildPhase section */
		297FCB49286A4795007F6626 /* Sources */ = {
			isa = PBXSourcesBuildPhase;
			buildActionMask = 2147483647;
			files = (
				297FCB66286A4796007F6626 /* main.m in Sources */,
				297FCB58286A4795007F6626 /* ViewController.m in Sources */,
				297FCB5E286A4795007F6626 /* Mock_Ig.xcdatamodeld in Sources */,
				297FCB52286A4795007F6626 /* AppDelegate.m in Sources */,
				297FCB55286A4795007F6626 /* SceneDelegate.m in Sources */,
			);
			runOnlyForDeploymentPostprocessing = 0;
		};
		297FCB67286A4796007F6626 /* Sources */ = {
			isa = PBXSourcesBuildPhase;
			buildActionMask = 2147483647;
			files = (
				297FCB70286A4796007F6626 /* Mock_IgTests.m in Sources */,
			);
			runOnlyForDeploymentPostprocessing = 0;
		};
		297FCB71286A4796007F6626 /* Sources */ = {
			isa = PBXSourcesBuildPhase;
			buildActionMask = 2147483647;
			files = (
				297FCB7C286A4796007F6626 /* Mock_IgUITestsLaunchTests.m in Sources */,
				297FCB7A286A4796007F6626 /* Mock_IgUITests.m in Sources */,
			);
			runOnlyForDeploymentPostprocessing = 0;
		};
/* End PBXSourcesBuildPhase section */

/* Begin PBXTargetDependency section */
		297FCB6D286A4796007F6626 /* PBXTargetDependency */ = {
			isa = PBXTargetDependency;
			target = 297FCB4C286A4795007F6626 /* Mock Ig */;
			targetProxy = 297FCB6C286A4796007F6626 /* PBXContainerItemProxy */;
		};
		297FCB77286A4796007F6626 /* PBXTargetDependency */ = {
			isa = PBXTargetDependency;
			target = 297FCB4C286A4795007F6626 /* Mock Ig */;
			targetProxy = 297FCB76286A4796007F6626 /* PBXContainerItemProxy */;
		};
/* End PBXTargetDependency section */

/* Begin PBXVariantGroup section */
		297FCB59286A4795007F6626 /* Main.storyboard */ = {
			isa = PBXVariantGroup;
			children = (
				297FCB5A286A4795007F6626 /* Base */,
			);
			name = Main.storyboard;
			sourceTree = "<group>";
		};
		297FCB61286A4796007F6626 /* LaunchScreen.storyboard */ = {
			isa = PBXVariantGroup;
			children = (
				297FCB62286A4796007F6626 /* Base */,
			);
			name = LaunchScreen.storyboard;
			sourceTree = "<group>";
		};
/* End PBXVariantGroup section */

/* Begin XCBuildConfiguration section */
		297FCB7D286A4796007F6626 /* Debug */ = {
			isa = XCBuildConfiguration;
			buildSettings = {
				ALWAYS_SEARCH_USER_PATHS = NO;
				CLANG_ANALYZER_NONNULL = YES;
				CLANG_ANALYZER_NUMBER_OBJECT_CONVERSION = YES_AGGRESSIVE;
				CLANG_CXX_LANGUAGE_STANDARD = "gnu++17";
				CLANG_ENABLE_MODULES = YES;
				CLANG_ENABLE_OBJC_ARC = YES;
				CLANG_ENABLE_OBJC_WEAK = YES;
				CLANG_WARN_BLOCK_CAPTURE_AUTORELEASING = YES;
				CLANG_WARN_BOOL_CONVERSION = YES;
				CLANG_WARN_COMMA = YES;
				CLANG_WARN_CONSTANT_CONVERSION = YES;
				CLANG_WARN_DEPRECATED_OBJC_IMPLEMENTATIONS = YES;
				CLANG_WARN_DIRECT_OBJC_ISA_USAGE = YES_ERROR;
				CLANG_WARN_DOCUMENTATION_COMMENTS = YES;
				CLANG_WARN_EMPTY_BODY = YES;
				CLANG_WARN_ENUM_CONVERSION = YES;
				CLANG_WARN_INFINITE_RECURSION = YES;
				CLANG_WARN_INT_CONVERSION = YES;
				CLANG_WARN_NON_LITERAL_NULL_CONVERSION = YES;
				CLANG_WARN_OBJC_IMPLICIT_RETAIN_SELF = YES;
				CLANG_WARN_OBJC_LITERAL_CONVERSION = YES;
				CLANG_WARN_OBJC_ROOT_CLASS = YES_ERROR;
				CLANG_WARN_QUOTED_INCLUDE_IN_FRAMEWORK_HEADER = YES;
				CLANG_WARN_RANGE_LOOP_ANALYSIS = YES;
				CLANG_WARN_STRICT_PROTOTYPES = YES;
				CLANG_WARN_SUSPICIOUS_MOVE = YES;
				CLANG_WARN_UNGUARDED_AVAILABILITY = YES_AGGRESSIVE;
				CLANG_WARN_UNREACHABLE_CODE = YES;
				CLANG_WARN__DUPLICATE_METHOD_MATCH = YES;
				COPY_PHASE_STRIP = NO;
				DEBUG_INFORMATION_FORMAT = dwarf;
				ENABLE_STRICT_OBJC_MSGSEND = YES;
				ENABLE_TESTABILITY = YES;
				GCC_C_LANGUAGE_STANDARD = gnu11;
				GCC_DYNAMIC_NO_PIC = NO;
				GCC_NO_COMMON_BLOCKS = YES;
				GCC_OPTIMIZATION_LEVEL = 0;
				GCC_PREPROCESSOR_DEFINITIONS = (
					"DEBUG=1",
					"$(inherited)",
				);
				GCC_WARN_64_TO_32_BIT_CONVERSION = YES;
				GCC_WARN_ABOUT_RETURN_TYPE = YES_ERROR;
				GCC_WARN_UNDECLARED_SELECTOR = YES;
				GCC_WARN_UNINITIALIZED_AUTOS = YES_AGGRESSIVE;
				GCC_WARN_UNUSED_FUNCTION = YES;
				GCC_WARN_UNUSED_VARIABLE = YES;
				IPHONEOS_DEPLOYMENT_TARGET = 15.5;
				MTL_ENABLE_DEBUG_INFO = INCLUDE_SOURCE;
				MTL_FAST_MATH = YES;
				ONLY_ACTIVE_ARCH = YES;
				SDKROOT = iphoneos;
			};
			name = Debug;
		};
		297FCB7E286A4796007F6626 /* Release */ = {
			isa = XCBuildConfiguration;
			buildSettings = {
				ALWAYS_SEARCH_USER_PATHS = NO;
				CLANG_ANALYZER_NONNULL = YES;
				CLANG_ANALYZER_NUMBER_OBJECT_CONVERSION = YES_AGGRESSIVE;
				CLANG_CXX_LANGUAGE_STANDARD = "gnu++17";
				CLANG_ENABLE_MODULES = YES;
				CLANG_ENABLE_OBJC_ARC = YES;
				CLANG_ENABLE_OBJC_WEAK = YES;
				CLANG_WARN_BLOCK_CAPTURE_AUTORELEASING = YES;
				CLANG_WARN_BOOL_CONVERSION = YES;
				CLANG_WARN_COMMA = YES;
				CLANG_WARN_CONSTANT_CONVERSION = YES;
				CLANG_WARN_DEPRECATED_OBJC_IMPLEMENTATIONS = YES;
				CLANG_WARN_DIRECT_OBJC_ISA_USAGE = YES_ERROR;
				CLANG_WARN_DOCUMENTATION_COMMENTS = YES;
				CLANG_WARN_EMPTY_BODY = YES;
				CLANG_WARN_ENUM_CONVERSION = YES;
				CLANG_WARN_INFINITE_RECURSION = YES;
				CLANG_WARN_INT_CONVERSION = YES;
				CLANG_WARN_NON_LITERAL_NULL_CONVERSION = YES;
				CLANG_WARN_OBJC_IMPLICIT_RETAIN_SELF = YES;
				CLANG_WARN_OBJC_LITERAL_CONVERSION = YES;
				CLANG_WARN_OBJC_ROOT_CLASS = YES_ERROR;
				CLANG_WARN_QUOTED_INCLUDE_IN_FRAMEWORK_HEADER = YES;
				CLANG_WARN_RANGE_LOOP_ANALYSIS = YES;
				CLANG_WARN_STRICT_PROTOTYPES = YES;
				CLANG_WARN_SUSPICIOUS_MOVE = YES;
				CLANG_WARN_UNGUARDED_AVAILABILITY = YES_AGGRESSIVE;
				CLANG_WARN_UNREACHABLE_CODE = YES;
				CLANG_WARN__DUPLICATE_METHOD_MATCH = YES;
				COPY_PHASE_STRIP = NO;
				DEBUG_INFORMATION_FORMAT = "dwarf-with-dsym";
				ENABLE_NS_ASSERTIONS = NO;
				ENABLE_STRICT_OBJC_MSGSEND = YES;
				GCC_C_LANGUAGE_STANDARD = gnu11;
				GCC_NO_COMMON_BLOCKS = YES;
				GCC_WARN_64_TO_32_BIT_CONVERSION = YES;
				GCC_WARN_ABOUT_RETURN_TYPE = YES_ERROR;
				GCC_WARN_UNDECLARED_SELECTOR = YES;
				GCC_WARN_UNINITIALIZED_AUTOS = YES_AGGRESSIVE;
				GCC_WARN_UNUSED_FUNCTION = YES;
				GCC_WARN_UNUSED_VARIABLE = YES;
				IPHONEOS_DEPLOYMENT_TARGET = 15.5;
				MTL_ENABLE_DEBUG_INFO = NO;
				MTL_FAST_MATH = YES;
				SDKROOT = iphoneos;
				VALIDATE_PRODUCT = YES;
			};
			name = Release;
		};
		297FCB80286A4796007F6626 /* Debug */ = {
			isa = XCBuildConfiguration;
			buildSettings = {
				ASSETCATALOG_COMPILER_APPICON_NAME = AppIcon;
				ASSETCATALOG_COMPILER_GLOBAL_ACCENT_COLOR_NAME = AccentColor;
				CODE_SIGN_STYLE = Automatic;
				CURRENT_PROJECT_VERSION = 1;
				GENERATE_INFOPLIST_FILE = YES;
				INFOPLIST_FILE = "Mock Ig/Info.plist";
				INFOPLIST_KEY_UIApplicationSupportsIndirectInputEvents = YES;
				INFOPLIST_KEY_UILaunchStoryboardName = LaunchScreen;
				INFOPLIST_KEY_UIMainStoryboardFile = Main;
				INFOPLIST_KEY_UISupportedInterfaceOrientations_iPad = "UIInterfaceOrientationPortrait UIInterfaceOrientationPortraitUpsideDown UIInterfaceOrientationLandscapeLeft UIInterfaceOrientationLandscapeRight";
				INFOPLIST_KEY_UISupportedInterfaceOrientations_iPhone = "UIInterfaceOrientationPortrait UIInterfaceOrientationLandscapeLeft UIInterfaceOrientationLandscapeRight";
				LD_RUNPATH_SEARCH_PATHS = (
					"$(inherited)",
					"@executable_path/Frameworks",
				);
				MARKETING_VERSION = 1.0;
				PRODUCT_BUNDLE_IDENTIFIER = "com.codepath.Mock-Ig";
				PRODUCT_NAME = "$(TARGET_NAME)";
				SWIFT_EMIT_LOC_STRINGS = YES;
				TARGETED_DEVICE_FAMILY = "1,2";
			};
			name = Debug;
		};
		297FCB81286A4796007F6626 /* Release */ = {
			isa = XCBuildConfiguration;
			buildSettings = {
				ASSETCATALOG_COMPILER_APPICON_NAME = AppIcon;
				ASSETCATALOG_COMPILER_GLOBAL_ACCENT_COLOR_NAME = AccentColor;
				CODE_SIGN_STYLE = Automatic;
				CURRENT_PROJECT_VERSION = 1;
				GENERATE_INFOPLIST_FILE = YES;
				INFOPLIST_FILE = "Mock Ig/Info.plist";
				INFOPLIST_KEY_UIApplicationSupportsIndirectInputEvents = YES;
				INFOPLIST_KEY_UILaunchStoryboardName = LaunchScreen;
				INFOPLIST_KEY_UIMainStoryboardFile = Main;
				INFOPLIST_KEY_UISupportedInterfaceOrientations_iPad = "UIInterfaceOrientationPortrait UIInterfaceOrientationPortraitUpsideDown UIInterfaceOrientationLandscapeLeft UIInterfaceOrientationLandscapeRight";
				INFOPLIST_KEY_UISupportedInterfaceOrientations_iPhone = "UIInterfaceOrientationPortrait UIInterfaceOrientationLandscapeLeft UIInterfaceOrientationLandscapeRight";
				LD_RUNPATH_SEARCH_PATHS = (
					"$(inherited)",
					"@executable_path/Frameworks",
				);
				MARKETING_VERSION = 1.0;
				PRODUCT_BUNDLE_IDENTIFIER = "com.codepath.Mock-Ig";
				PRODUCT_NAME = "$(TARGET_NAME)";
				SWIFT_EMIT_LOC_STRINGS = YES;
				TARGETED_DEVICE_FAMILY = "1,2";
			};
			name = Release;
		};
		297FCB83286A4796007F6626 /* Debug */ = {
			isa = XCBuildConfiguration;
			buildSettings = {
				BUNDLE_LOADER = "$(TEST_HOST)";
				CODE_SIGN_STYLE = Automatic;
				CURRENT_PROJECT_VERSION = 1;
				GENERATE_INFOPLIST_FILE = YES;
				IPHONEOS_DEPLOYMENT_TARGET = 15.5;
				MARKETING_VERSION = 1.0;
				PRODUCT_BUNDLE_IDENTIFIER = "com.codepath.Mock-IgTests";
				PRODUCT_NAME = "$(TARGET_NAME)";
				SWIFT_EMIT_LOC_STRINGS = NO;
				TARGETED_DEVICE_FAMILY = "1,2";
				TEST_HOST = "$(BUILT_PRODUCTS_DIR)/Mock Ig.app/Mock Ig";
			};
			name = Debug;
		};
		297FCB84286A4796007F6626 /* Release */ = {
			isa = XCBuildConfiguration;
			buildSettings = {
				BUNDLE_LOADER = "$(TEST_HOST)";
				CODE_SIGN_STYLE = Automatic;
				CURRENT_PROJECT_VERSION = 1;
				GENERATE_INFOPLIST_FILE = YES;
				IPHONEOS_DEPLOYMENT_TARGET = 15.5;
				MARKETING_VERSION = 1.0;
				PRODUCT_BUNDLE_IDENTIFIER = "com.codepath.Mock-IgTests";
				PRODUCT_NAME = "$(TARGET_NAME)";
				SWIFT_EMIT_LOC_STRINGS = NO;
				TARGETED_DEVICE_FAMILY = "1,2";
				TEST_HOST = "$(BUILT_PRODUCTS_DIR)/Mock Ig.app/Mock Ig";
			};
			name = Release;
		};
		297FCB86286A4796007F6626 /* Debug */ = {
			isa = XCBuildConfiguration;
			buildSettings = {
				CODE_SIGN_STYLE = Automatic;
				CURRENT_PROJECT_VERSION = 1;
				GENERATE_INFOPLIST_FILE = YES;
				MARKETING_VERSION = 1.0;
				PRODUCT_BUNDLE_IDENTIFIER = "com.codepath.Mock-IgUITests";
				PRODUCT_NAME = "$(TARGET_NAME)";
				SWIFT_EMIT_LOC_STRINGS = NO;
				TARGETED_DEVICE_FAMILY = "1,2";
				TEST_TARGET_NAME = "Mock Ig";
			};
			name = Debug;
		};
		297FCB87286A4796007F6626 /* Release */ = {
			isa = XCBuildConfiguration;
			buildSettings = {
				CODE_SIGN_STYLE = Automatic;
				CURRENT_PROJECT_VERSION = 1;
				GENERATE_INFOPLIST_FILE = YES;
				MARKETING_VERSION = 1.0;
				PRODUCT_BUNDLE_IDENTIFIER = "com.codepath.Mock-IgUITests";
				PRODUCT_NAME = "$(TARGET_NAME)";
				SWIFT_EMIT_LOC_STRINGS = NO;
				TARGETED_DEVICE_FAMILY = "1,2";
				TEST_TARGET_NAME = "Mock Ig";
			};
			name = Release;
		};
/* End XCBuildConfiguration section */

/* Begin XCConfigurationList section */
		297FCB48286A4795007F6626 /* Build configuration list for PBXProject "Mock Ig" */ = {
			isa = XCConfigurationList;
			buildConfigurations = (
				297FCB7D286A4796007F6626 /* Debug */,
				297FCB7E286A4796007F6626 /* Release */,
			);
			defaultConfigurationIsVisible = 0;
			defaultConfigurationName = Release;
		};
		297FCB7F286A4796007F6626 /* Build configuration list for PBXNativeTarget "Mock Ig" */ = {
			isa = XCConfigurationList;
			buildConfigurations = (
				297FCB80286A4796007F6626 /* Debug */,
				297FCB81286A4796007F6626 /* Release */,
			);
			defaultConfigurationIsVisible = 0;
			defaultConfigurationName = Release;
		};
		297FCB82286A4796007F6626 /* Build configuration list for PBXNativeTarget "Mock IgTests" */ = {
			isa = XCConfigurationList;
			buildConfigurations = (
				297FCB83286A4796007F6626 /* Debug */,
				297FCB84286A4796007F6626 /* Release */,
			);
			defaultConfigurationIsVisible = 0;
			defaultConfigurationName = Release;
		};
		297FCB85286A4796007F6626 /* Build configuration list for PBXNativeTarget "Mock IgUITests" */ = {
			isa = XCConfigurationList;
			buildConfigurations = (
				297FCB86286A4796007F6626 /* Debug */,
				297FCB87286A4796007F6626 /* Release */,
			);
			defaultConfigurationIsVisible = 0;
			defaultConfigurationName = Release;
		};
/* End XCConfigurationList section */

/* Begin XCVersionGroup section */
		297FCB5C286A4795007F6626 /* Mock_Ig.xcdatamodeld */ = {
			isa = XCVersionGroup;
			children = (
				297FCB5D286A4795007F6626 /* Mock_Ig.xcdatamodel */,
			);
			currentVersion = 297FCB5D286A4795007F6626 /* Mock_Ig.xcdatamodel */;
			path = Mock_Ig.xcdatamodeld;
			sourceTree = "<group>";
			versionGroupType = wrapper.xcdatamodel;
		};
/* End XCVersionGroup section */
	};
	rootObject = 297FCB45286A4795007F6626 /* Project object */;
}
